
Microsoft Visual Studio Solution File, Format Version 12.00
# Visual Studio 2012
Project("{FAE04EC0-301F-11D3-BF4B-00C04F79EFBC}") = "Binary relations", "Binary relations\Binary relations.csproj", "{E5C7E46A-93E4-412B-84C1-2942240DB146}"
EndProject
Global
	GlobalSection(SolutionConfigurationPlatforms) = preSolution
		Debug|Any CPU = Debug|Any CPU
		Debug|x64 = Debug|x64
		Release|Any CPU = Release|Any CPU
		Release|x64 = Release|x64
	EndGlobalSection
	GlobalSection(ProjectConfigurationPlatforms) = postSolution
		{E5C7E46A-93E4-412B-84C1-2942240DB146}.Debug|Any CPU.ActiveCfg = Debug|Any CPU
		{E5C7E46A-93E4-412B-84C1-2942240DB146}.Debug|Any CPU.Build.0 = Debug|Any CPU
		{E5C7E46A-93E4-412B-84C1-2942240DB146}.Debug|x64.ActiveCfg = Debug|x64
		{E5C7E46A-93E4-412B-84C1-2942240DB146}.Debug|x64.Build.0 = Debug|x64
		{E5C7E46A-93E4-412B-84C1-2942240DB146}.Release|Any CPU.ActiveCfg = Release|Any CPU
		{E5C7E46A-93E4-412B-84C1-2942240DB146}.Release|Any CPU.Build.0 = Release|Any CPU
		{E5C7E46A-93E4-412B-84C1-2942240DB146}.Release|x64.ActiveCfg = Release|x64
		{E5C7E46A-93E4-412B-84C1-2942240DB146}.Release|x64.Build.0 = Release|x64
	EndGlobalSection
	GlobalSection(SolutionProperties) = preSolution
		HideSolutionNode = FALSE
	EndGlobalSection
EndGlobal
